
Microsoft Visual Studio Solution File, Format Version 12.00
# Visual Studio Version 17
VisualStudioVersion = 17.3.32825.248
MinimumVisualStudioVersion = 10.0.40219.1
Project("{FAE04EC0-301F-11D3-BF4B-00C04F79EFBC}") = "FactoryMethod", "FactoryMethod\FactoryMethod.csproj", "{A9506836-4CED-4FBB-9087-638133E9C4BC}"
EndProject
Project("{FAE04EC0-301F-11D3-BF4B-00C04F79EFBC}") = "BuilderPattern", "BuilderPattern\BuilderPattern.csproj", "{B72A8A38-1B01-4D26-BE62-7F7BDB331F73}"
EndProject
Global
	GlobalSection(SolutionConfigurationPlatforms) = preSolution
		Debug|Any CPU = Debug|Any CPU
		Release|Any CPU = Release|Any CPU
	EndGlobalSection
	GlobalSection(ProjectConfigurationPlatforms) = postSolution
		{A9506836-4CED-4FBB-9087-638133E9C4BC}.Debug|Any CPU.ActiveCfg = Debug|Any CPU
		{A9506836-4CED-4FBB-9087-638133E9C4BC}.Debug|Any CPU.Build.0 = Debug|Any CPU
		{A9506836-4CED-4FBB-9087-638133E9C4BC}.Release|Any CPU.ActiveCfg = Release|Any CPU
		{A9506836-4CED-4FBB-9087-638133E9C4BC}.Release|Any CPU.Build.0 = Release|Any CPU
		{B72A8A38-1B01-4D26-BE62-7F7BDB331F73}.Debug|Any CPU.ActiveCfg = Debug|Any CPU
		{B72A8A38-1B01-4D26-BE62-7F7BDB331F73}.Debug|Any CPU.Build.0 = Debug|Any CPU
		{B72A8A38-1B01-4D26-BE62-7F7BDB331F73}.Release|Any CPU.ActiveCfg = Release|Any CPU
		{B72A8A38-1B01-4D26-BE62-7F7BDB331F73}.Release|Any CPU.Build.0 = Release|Any CPU
	EndGlobalSection
	GlobalSection(SolutionProperties) = preSolution
		HideSolutionNode = FALSE
	EndGlobalSection
	GlobalSection(ExtensibilityGlobals) = postSolution
		SolutionGuid = {B96ADB15-5873-4474-B9F3-B66B3E4B98B4}
	EndGlobalSection
EndGlobal
